
Microsoft Visual Studio Solution File, Format Version 12.00
# Visual Studio 14
VisualStudioVersion = 14.0.23107.0
MinimumVisualStudioVersion = 10.0.40219.1
Project("{2150E333-8FDC-42A3-9474-1A3956D46DE8}") = "Presentation", "Presentation", "{D6EA4BC5-7939-48DA-8120-BCF4D6FC3864}"
EndProject
Project("{2150E333-8FDC-42A3-9474-1A3956D46DE8}") = "Core", "Core", "{D4487622-8E70-421F-9DBA-ED03FEB1B75D}"
EndProject
Project("{2150E333-8FDC-42A3-9474-1A3956D46DE8}") = "DAL", "DAL", "{90B912A6-23D5-4BFA-B788-5CEB1082EDA6}"
EndProject
Project("{2150E333-8FDC-42A3-9474-1A3956D46DE8}") = "Logic", "Logic", "{FEF22C38-B7CB-4269-AA86-7073B74EF8C1}"
EndProject
Project("{2150E333-8FDC-42A3-9474-1A3956D46DE8}") = "Modules", "Modules", "{F6FD34CC-A343-4696-9DE5-186DB72DB37A}"
EndProject
Project("{FAE04EC0-301F-11D3-BF4B-00C04F79EFBC}") = "AdminPanel", "AdminPanel\AdminPanel.csproj", "{EFCD5F18-F869-4BB2-9281-D53888424E87}"
EndProject
Project("{FAE04EC0-301F-11D3-BF4B-00C04F79EFBC}") = "DAL", "DAL\DAL.csproj", "{45667F6F-9598-48AE-96BD-01AAA89E90ED}"
EndProject
Project("{FAE04EC0-301F-11D3-BF4B-00C04F79EFBC}") = "ClientPanel", "ClientPanel\ClientPanel.csproj", "{22FB3FB5-A3D8-4704-92FD-B91E5EDFC0DC}"
EndProject
Project("{2150E333-8FDC-42A3-9474-1A3956D46DE8}") = "Logging", "Logging", "{2E03269A-326D-4561-A7A6-85C3941A6440}"
EndProject
Project("{FAE04EC0-301F-11D3-BF4B-00C04F79EFBC}") = "Logging", "Logging\Logging.csproj", "{2C569C22-8774-444A-BE3A-BA804A524DEA}"
EndProject
Project("{FAE04EC0-301F-11D3-BF4B-00C04F79EFBC}") = "Logic.Common", "Logic.Common\Logic.Common.csproj", "{96DF7B56-1B0C-47D9-A96C-C47FA96C948D}"
EndProject
Global
	GlobalSection(SolutionConfigurationPlatforms) = preSolution
		Debug|Any CPU = Debug|Any CPU
		Release|Any CPU = Release|Any CPU
	EndGlobalSection
	GlobalSection(ProjectConfigurationPlatforms) = postSolution
		{EFCD5F18-F869-4BB2-9281-D53888424E87}.Debug|Any CPU.ActiveCfg = Debug|Any CPU
		{EFCD5F18-F869-4BB2-9281-D53888424E87}.Debug|Any CPU.Build.0 = Debug|Any CPU
		{EFCD5F18-F869-4BB2-9281-D53888424E87}.Release|Any CPU.ActiveCfg = Release|Any CPU
		{EFCD5F18-F869-4BB2-9281-D53888424E87}.Release|Any CPU.Build.0 = Release|Any CPU
		{45667F6F-9598-48AE-96BD-01AAA89E90ED}.Debug|Any CPU.ActiveCfg = Debug|Any CPU
		{45667F6F-9598-48AE-96BD-01AAA89E90ED}.Debug|Any CPU.Build.0 = Debug|Any CPU
		{45667F6F-9598-48AE-96BD-01AAA89E90ED}.Release|Any CPU.ActiveCfg = Release|Any CPU
		{45667F6F-9598-48AE-96BD-01AAA89E90ED}.Release|Any CPU.Build.0 = Release|Any CPU
		{22FB3FB5-A3D8-4704-92FD-B91E5EDFC0DC}.Debug|Any CPU.ActiveCfg = Debug|Any CPU
		{22FB3FB5-A3D8-4704-92FD-B91E5EDFC0DC}.Debug|Any CPU.Build.0 = Debug|Any CPU
		{22FB3FB5-A3D8-4704-92FD-B91E5EDFC0DC}.Release|Any CPU.ActiveCfg = Release|Any CPU
		{22FB3FB5-A3D8-4704-92FD-B91E5EDFC0DC}.Release|Any CPU.Build.0 = Release|Any CPU
		{2C569C22-8774-444A-BE3A-BA804A524DEA}.Debug|Any CPU.ActiveCfg = Debug|Any CPU
		{2C569C22-8774-444A-BE3A-BA804A524DEA}.Debug|Any CPU.Build.0 = Debug|Any CPU
		{2C569C22-8774-444A-BE3A-BA804A524DEA}.Release|Any CPU.ActiveCfg = Release|Any CPU
		{2C569C22-8774-444A-BE3A-BA804A524DEA}.Release|Any CPU.Build.0 = Release|Any CPU
		{96DF7B56-1B0C-47D9-A96C-C47FA96C948D}.Debug|Any CPU.ActiveCfg = Debug|Any CPU
		{96DF7B56-1B0C-47D9-A96C-C47FA96C948D}.Debug|Any CPU.Build.0 = Debug|Any CPU
		{96DF7B56-1B0C-47D9-A96C-C47FA96C948D}.Release|Any CPU.ActiveCfg = Release|Any CPU
		{96DF7B56-1B0C-47D9-A96C-C47FA96C948D}.Release|Any CPU.Build.0 = Release|Any CPU
	EndGlobalSection
	GlobalSection(SolutionProperties) = preSolution
		HideSolutionNode = FALSE
	EndGlobalSection
	GlobalSection(NestedProjects) = preSolution
		{90B912A6-23D5-4BFA-B788-5CEB1082EDA6} = {D4487622-8E70-421F-9DBA-ED03FEB1B75D}
		{EFCD5F18-F869-4BB2-9281-D53888424E87} = {D6EA4BC5-7939-48DA-8120-BCF4D6FC3864}
		{45667F6F-9598-48AE-96BD-01AAA89E90ED} = {90B912A6-23D5-4BFA-B788-5CEB1082EDA6}
		{22FB3FB5-A3D8-4704-92FD-B91E5EDFC0DC} = {D6EA4BC5-7939-48DA-8120-BCF4D6FC3864}
		{2E03269A-326D-4561-A7A6-85C3941A6440} = {D4487622-8E70-421F-9DBA-ED03FEB1B75D}
		{2C569C22-8774-444A-BE3A-BA804A524DEA} = {2E03269A-326D-4561-A7A6-85C3941A6440}
		{96DF7B56-1B0C-47D9-A96C-C47FA96C948D} = {FEF22C38-B7CB-4269-AA86-7073B74EF8C1}
	EndGlobalSection
EndGlobal
