
Microsoft Visual Studio Solution File, Format Version 12.00
# Visual Studio 2013
VisualStudioVersion = 12.0.31101.0
MinimumVisualStudioVersion = 10.0.40219.1
Project("{2150E333-8FDC-42A3-9474-1A3956D46DE8}") = "Presentation", "Presentation", "{D6EA4BC5-7939-48DA-8120-BCF4D6FC3864}"
EndProject
Project("{2150E333-8FDC-42A3-9474-1A3956D46DE8}") = "Core", "Core", "{D4487622-8E70-421F-9DBA-ED03FEB1B75D}"
EndProject
Project("{2150E333-8FDC-42A3-9474-1A3956D46DE8}") = "Logic", "Logic", "{FEF22C38-B7CB-4269-AA86-7073B74EF8C1}"
	ProjectSection(SolutionItems) = preProject
		Common\Helpers\SmtpClientDataRetrieval.cs = Common\Helpers\SmtpClientDataRetrieval.cs
	EndProjectSection
EndProject
Project("{2150E333-8FDC-42A3-9474-1A3956D46DE8}") = "Modules", "Modules", "{F6FD34CC-A343-4696-9DE5-186DB72DB37A}"
EndProject
Project("{FAE04EC0-301F-11D3-BF4B-00C04F79EFBC}") = "AdminPanel", "AdminPanel\AdminPanel.csproj", "{EFCD5F18-F869-4BB2-9281-D53888424E87}"
EndProject
Project("{FAE04EC0-301F-11D3-BF4B-00C04F79EFBC}") = "ClientPanel", "ClientPanel\ClientPanel.csproj", "{22FB3FB5-A3D8-4704-92FD-B91E5EDFC0DC}"
EndProject
Project("{FAE04EC0-301F-11D3-BF4B-00C04F79EFBC}") = "Logic.Common", "Logic.Common\Logic.Common.csproj", "{96DF7B56-1B0C-47D9-A96C-C47FA96C948D}"
EndProject
Project("{FAE04EC0-301F-11D3-BF4B-00C04F79EFBC}") = "DIRegister", "DIRegister\DIRegister.csproj", "{D20C9247-5CBC-40EE-90DA-47EC36951AE1}"
EndProject
Project("{FAE04EC0-301F-11D3-BF4B-00C04F79EFBC}") = "Modules.Resources", "Modules.Resources\Modules.Resources.csproj", "{DC937E5F-1D71-488E-B00C-525FDFDD3B0D}"
EndProject
Project("{FAE04EC0-301F-11D3-BF4B-00C04F79EFBC}") = "Common", "Common\Common.csproj", "{537E20B2-92A9-4D7B-9E28-5673A5726839}"
EndProject
Project("{FAE04EC0-301F-11D3-BF4B-00C04F79EFBC}") = "Logging", "Logging\Logging.csproj", "{2C569C22-8774-444A-BE3A-BA804A524DEA}"
EndProject
Project("{FAE04EC0-301F-11D3-BF4B-00C04F79EFBC}") = "DAL", "DAL\DAL.csproj", "{45667F6F-9598-48AE-96BD-01AAA89E90ED}"
EndProject
Project("{FAE04EC0-301F-11D3-BF4B-00C04F79EFBC}") = "Logic.News", "Logic.News\Logic.News.csproj", "{5A700E42-4CEE-4863-ABB0-AB91BA188DB7}"
EndProject
Project("{FAE04EC0-301F-11D3-BF4B-00C04F79EFBC}") = "Modules.Cryptography", "Modules.Cryptography\Modules.Cryptography.csproj", "{DCCA9978-F924-4BB6-BC8F-A40A6192EC79}"
EndProject
Project("{FAE04EC0-301F-11D3-BF4B-00C04F79EFBC}") = "Logic.Users", "Logic.Users\Logic.Users.csproj", "{9F83685C-A7AE-495A-8303-4B3D70290AB1}"
EndProject
Project("{FAE04EC0-301F-11D3-BF4B-00C04F79EFBC}") = "Logic.NewsCategory", "Logic.NewsCategory\Logic.NewsCategory.csproj", "{B9FB03B5-8809-40DF-8BFF-5D9E8C052B49}"
EndProject
Project("{FAE04EC0-301F-11D3-BF4B-00C04F79EFBC}") = "Modules.MailSender", "Modules.MailSender\Modules.MailSender.csproj", "{01589098-1030-40E4-B85C-0E2E13A70424}"
EndProject
Project("{FAE04EC0-301F-11D3-BF4B-00C04F79EFBC}") = "Logic.ContactForm", "Logic.ContactForm\Logic.ContactForm.csproj", "{E3255DE6-C3F3-4FE5-8449-897FF42D8EBB}"
EndProject
Project("{FAE04EC0-301F-11D3-BF4B-00C04F79EFBC}") = "Logic.Settings", "Logic.Settings\Logic.Settings.csproj", "{1C7CA7DA-A639-49B5-ADCF-5A7C343E89CE}"
EndProject
Project("{FAE04EC0-301F-11D3-BF4B-00C04F79EFBC}") = "Logic.Newsletter", "Logic.Newsletter\Logic.Newsletter.csproj", "{181771E1-4ABE-4FC1-8E45-4C38A75B75C7}"
EndProject
Project("{FAE04EC0-301F-11D3-BF4B-00C04F79EFBC}") = "Logic.Inset", "Logic.Inset\Logic.Inset.csproj", "{B9A9E81E-DE7C-4C2F-996A-DFB24AD44444}"
EndProject
Project("{FAE04EC0-301F-11D3-BF4B-00C04F79EFBC}") = "Logic.Page", "Logic.Page\Logic.Page.csproj", "{12A69C8E-3F8A-41D4-BD4C-8B776C46E769}"
EndProject
Project("{FAE04EC0-301F-11D3-BF4B-00C04F79EFBC}") = "Logic.File", "Logic.File\Logic.File.csproj", "{6E7DA60F-7779-421A-9AF1-08E456396B62}"
EndProject
Project("{FAE04EC0-301F-11D3-BF4B-00C04F79EFBC}") = "Logic.Service", "Logic.Service\Logic.Service.csproj", "{E7026B9B-377F-48E8-9938-BC6E2660F6C9}"
EndProject
Global
	GlobalSection(SolutionConfigurationPlatforms) = preSolution
		Debug|Any CPU = Debug|Any CPU
		Release|Any CPU = Release|Any CPU
	EndGlobalSection
	GlobalSection(ProjectConfigurationPlatforms) = postSolution
		{EFCD5F18-F869-4BB2-9281-D53888424E87}.Debug|Any CPU.ActiveCfg = Debug|Any CPU
		{EFCD5F18-F869-4BB2-9281-D53888424E87}.Debug|Any CPU.Build.0 = Debug|Any CPU
		{EFCD5F18-F869-4BB2-9281-D53888424E87}.Release|Any CPU.ActiveCfg = Release|Any CPU
		{EFCD5F18-F869-4BB2-9281-D53888424E87}.Release|Any CPU.Build.0 = Release|Any CPU
		{22FB3FB5-A3D8-4704-92FD-B91E5EDFC0DC}.Debug|Any CPU.ActiveCfg = Debug|Any CPU
		{22FB3FB5-A3D8-4704-92FD-B91E5EDFC0DC}.Debug|Any CPU.Build.0 = Debug|Any CPU
		{22FB3FB5-A3D8-4704-92FD-B91E5EDFC0DC}.Release|Any CPU.ActiveCfg = Release|Any CPU
		{22FB3FB5-A3D8-4704-92FD-B91E5EDFC0DC}.Release|Any CPU.Build.0 = Release|Any CPU
		{96DF7B56-1B0C-47D9-A96C-C47FA96C948D}.Debug|Any CPU.ActiveCfg = Debug|Any CPU
		{96DF7B56-1B0C-47D9-A96C-C47FA96C948D}.Debug|Any CPU.Build.0 = Debug|Any CPU
		{96DF7B56-1B0C-47D9-A96C-C47FA96C948D}.Release|Any CPU.ActiveCfg = Release|Any CPU
		{96DF7B56-1B0C-47D9-A96C-C47FA96C948D}.Release|Any CPU.Build.0 = Release|Any CPU
		{D20C9247-5CBC-40EE-90DA-47EC36951AE1}.Debug|Any CPU.ActiveCfg = Debug|Any CPU
		{D20C9247-5CBC-40EE-90DA-47EC36951AE1}.Debug|Any CPU.Build.0 = Debug|Any CPU
		{D20C9247-5CBC-40EE-90DA-47EC36951AE1}.Release|Any CPU.ActiveCfg = Release|Any CPU
		{D20C9247-5CBC-40EE-90DA-47EC36951AE1}.Release|Any CPU.Build.0 = Release|Any CPU
		{DC937E5F-1D71-488E-B00C-525FDFDD3B0D}.Debug|Any CPU.ActiveCfg = Debug|Any CPU
		{DC937E5F-1D71-488E-B00C-525FDFDD3B0D}.Debug|Any CPU.Build.0 = Debug|Any CPU
		{DC937E5F-1D71-488E-B00C-525FDFDD3B0D}.Release|Any CPU.ActiveCfg = Release|Any CPU
		{DC937E5F-1D71-488E-B00C-525FDFDD3B0D}.Release|Any CPU.Build.0 = Release|Any CPU
		{537E20B2-92A9-4D7B-9E28-5673A5726839}.Debug|Any CPU.ActiveCfg = Debug|Any CPU
		{537E20B2-92A9-4D7B-9E28-5673A5726839}.Debug|Any CPU.Build.0 = Debug|Any CPU
		{537E20B2-92A9-4D7B-9E28-5673A5726839}.Release|Any CPU.ActiveCfg = Release|Any CPU
		{537E20B2-92A9-4D7B-9E28-5673A5726839}.Release|Any CPU.Build.0 = Release|Any CPU
		{2C569C22-8774-444A-BE3A-BA804A524DEA}.Debug|Any CPU.ActiveCfg = Debug|Any CPU
		{2C569C22-8774-444A-BE3A-BA804A524DEA}.Debug|Any CPU.Build.0 = Debug|Any CPU
		{2C569C22-8774-444A-BE3A-BA804A524DEA}.Release|Any CPU.ActiveCfg = Release|Any CPU
		{2C569C22-8774-444A-BE3A-BA804A524DEA}.Release|Any CPU.Build.0 = Release|Any CPU
		{45667F6F-9598-48AE-96BD-01AAA89E90ED}.Debug|Any CPU.ActiveCfg = Debug|Any CPU
		{45667F6F-9598-48AE-96BD-01AAA89E90ED}.Debug|Any CPU.Build.0 = Debug|Any CPU
		{45667F6F-9598-48AE-96BD-01AAA89E90ED}.Release|Any CPU.ActiveCfg = Release|Any CPU
		{45667F6F-9598-48AE-96BD-01AAA89E90ED}.Release|Any CPU.Build.0 = Release|Any CPU
		{5A700E42-4CEE-4863-ABB0-AB91BA188DB7}.Debug|Any CPU.ActiveCfg = Debug|Any CPU
		{5A700E42-4CEE-4863-ABB0-AB91BA188DB7}.Debug|Any CPU.Build.0 = Debug|Any CPU
		{5A700E42-4CEE-4863-ABB0-AB91BA188DB7}.Release|Any CPU.ActiveCfg = Release|Any CPU
		{5A700E42-4CEE-4863-ABB0-AB91BA188DB7}.Release|Any CPU.Build.0 = Release|Any CPU
		{DCCA9978-F924-4BB6-BC8F-A40A6192EC79}.Debug|Any CPU.ActiveCfg = Debug|Any CPU
		{DCCA9978-F924-4BB6-BC8F-A40A6192EC79}.Debug|Any CPU.Build.0 = Debug|Any CPU
		{DCCA9978-F924-4BB6-BC8F-A40A6192EC79}.Release|Any CPU.ActiveCfg = Release|Any CPU
		{DCCA9978-F924-4BB6-BC8F-A40A6192EC79}.Release|Any CPU.Build.0 = Release|Any CPU
		{9F83685C-A7AE-495A-8303-4B3D70290AB1}.Debug|Any CPU.ActiveCfg = Debug|Any CPU
		{9F83685C-A7AE-495A-8303-4B3D70290AB1}.Debug|Any CPU.Build.0 = Debug|Any CPU
		{9F83685C-A7AE-495A-8303-4B3D70290AB1}.Release|Any CPU.ActiveCfg = Release|Any CPU
		{9F83685C-A7AE-495A-8303-4B3D70290AB1}.Release|Any CPU.Build.0 = Release|Any CPU
		{B9FB03B5-8809-40DF-8BFF-5D9E8C052B49}.Debug|Any CPU.ActiveCfg = Debug|Any CPU
		{B9FB03B5-8809-40DF-8BFF-5D9E8C052B49}.Debug|Any CPU.Build.0 = Debug|Any CPU
		{B9FB03B5-8809-40DF-8BFF-5D9E8C052B49}.Release|Any CPU.ActiveCfg = Release|Any CPU
		{B9FB03B5-8809-40DF-8BFF-5D9E8C052B49}.Release|Any CPU.Build.0 = Release|Any CPU
		{01589098-1030-40E4-B85C-0E2E13A70424}.Debug|Any CPU.ActiveCfg = Debug|Any CPU
		{01589098-1030-40E4-B85C-0E2E13A70424}.Debug|Any CPU.Build.0 = Debug|Any CPU
		{01589098-1030-40E4-B85C-0E2E13A70424}.Release|Any CPU.ActiveCfg = Release|Any CPU
		{01589098-1030-40E4-B85C-0E2E13A70424}.Release|Any CPU.Build.0 = Release|Any CPU
		{E3255DE6-C3F3-4FE5-8449-897FF42D8EBB}.Debug|Any CPU.ActiveCfg = Debug|Any CPU
		{E3255DE6-C3F3-4FE5-8449-897FF42D8EBB}.Debug|Any CPU.Build.0 = Debug|Any CPU
		{E3255DE6-C3F3-4FE5-8449-897FF42D8EBB}.Release|Any CPU.ActiveCfg = Release|Any CPU
		{E3255DE6-C3F3-4FE5-8449-897FF42D8EBB}.Release|Any CPU.Build.0 = Release|Any CPU
		{1C7CA7DA-A639-49B5-ADCF-5A7C343E89CE}.Debug|Any CPU.ActiveCfg = Debug|Any CPU
		{1C7CA7DA-A639-49B5-ADCF-5A7C343E89CE}.Debug|Any CPU.Build.0 = Debug|Any CPU
		{1C7CA7DA-A639-49B5-ADCF-5A7C343E89CE}.Release|Any CPU.ActiveCfg = Release|Any CPU
		{1C7CA7DA-A639-49B5-ADCF-5A7C343E89CE}.Release|Any CPU.Build.0 = Release|Any CPU
		{181771E1-4ABE-4FC1-8E45-4C38A75B75C7}.Debug|Any CPU.ActiveCfg = Debug|Any CPU
		{181771E1-4ABE-4FC1-8E45-4C38A75B75C7}.Debug|Any CPU.Build.0 = Debug|Any CPU
		{181771E1-4ABE-4FC1-8E45-4C38A75B75C7}.Release|Any CPU.ActiveCfg = Release|Any CPU
		{181771E1-4ABE-4FC1-8E45-4C38A75B75C7}.Release|Any CPU.Build.0 = Release|Any CPU
		{B9A9E81E-DE7C-4C2F-996A-DFB24AD44444}.Debug|Any CPU.ActiveCfg = Debug|Any CPU
		{B9A9E81E-DE7C-4C2F-996A-DFB24AD44444}.Debug|Any CPU.Build.0 = Debug|Any CPU
		{B9A9E81E-DE7C-4C2F-996A-DFB24AD44444}.Release|Any CPU.ActiveCfg = Release|Any CPU
		{B9A9E81E-DE7C-4C2F-996A-DFB24AD44444}.Release|Any CPU.Build.0 = Release|Any CPU
		{12A69C8E-3F8A-41D4-BD4C-8B776C46E769}.Debug|Any CPU.ActiveCfg = Debug|Any CPU
		{12A69C8E-3F8A-41D4-BD4C-8B776C46E769}.Debug|Any CPU.Build.0 = Debug|Any CPU
		{12A69C8E-3F8A-41D4-BD4C-8B776C46E769}.Release|Any CPU.ActiveCfg = Release|Any CPU
		{12A69C8E-3F8A-41D4-BD4C-8B776C46E769}.Release|Any CPU.Build.0 = Release|Any CPU
		{6E7DA60F-7779-421A-9AF1-08E456396B62}.Debug|Any CPU.ActiveCfg = Debug|Any CPU
		{6E7DA60F-7779-421A-9AF1-08E456396B62}.Debug|Any CPU.Build.0 = Debug|Any CPU
		{6E7DA60F-7779-421A-9AF1-08E456396B62}.Release|Any CPU.ActiveCfg = Release|Any CPU
		{6E7DA60F-7779-421A-9AF1-08E456396B62}.Release|Any CPU.Build.0 = Release|Any CPU
		{E7026B9B-377F-48E8-9938-BC6E2660F6C9}.Debug|Any CPU.ActiveCfg = Debug|Any CPU
		{E7026B9B-377F-48E8-9938-BC6E2660F6C9}.Debug|Any CPU.Build.0 = Debug|Any CPU
		{E7026B9B-377F-48E8-9938-BC6E2660F6C9}.Release|Any CPU.ActiveCfg = Release|Any CPU
		{E7026B9B-377F-48E8-9938-BC6E2660F6C9}.Release|Any CPU.Build.0 = Release|Any CPU
	EndGlobalSection
	GlobalSection(SolutionProperties) = preSolution
		HideSolutionNode = FALSE
	EndGlobalSection
	GlobalSection(NestedProjects) = preSolution
		{EFCD5F18-F869-4BB2-9281-D53888424E87} = {D6EA4BC5-7939-48DA-8120-BCF4D6FC3864}
		{22FB3FB5-A3D8-4704-92FD-B91E5EDFC0DC} = {D6EA4BC5-7939-48DA-8120-BCF4D6FC3864}
		{96DF7B56-1B0C-47D9-A96C-C47FA96C948D} = {FEF22C38-B7CB-4269-AA86-7073B74EF8C1}
		{D20C9247-5CBC-40EE-90DA-47EC36951AE1} = {F6FD34CC-A343-4696-9DE5-186DB72DB37A}
		{DC937E5F-1D71-488E-B00C-525FDFDD3B0D} = {F6FD34CC-A343-4696-9DE5-186DB72DB37A}
		{537E20B2-92A9-4D7B-9E28-5673A5726839} = {D4487622-8E70-421F-9DBA-ED03FEB1B75D}
		{2C569C22-8774-444A-BE3A-BA804A524DEA} = {D4487622-8E70-421F-9DBA-ED03FEB1B75D}
		{45667F6F-9598-48AE-96BD-01AAA89E90ED} = {D4487622-8E70-421F-9DBA-ED03FEB1B75D}
		{5A700E42-4CEE-4863-ABB0-AB91BA188DB7} = {FEF22C38-B7CB-4269-AA86-7073B74EF8C1}
		{DCCA9978-F924-4BB6-BC8F-A40A6192EC79} = {F6FD34CC-A343-4696-9DE5-186DB72DB37A}
		{9F83685C-A7AE-495A-8303-4B3D70290AB1} = {FEF22C38-B7CB-4269-AA86-7073B74EF8C1}
		{B9FB03B5-8809-40DF-8BFF-5D9E8C052B49} = {FEF22C38-B7CB-4269-AA86-7073B74EF8C1}
		{01589098-1030-40E4-B85C-0E2E13A70424} = {F6FD34CC-A343-4696-9DE5-186DB72DB37A}
		{E3255DE6-C3F3-4FE5-8449-897FF42D8EBB} = {FEF22C38-B7CB-4269-AA86-7073B74EF8C1}
		{1C7CA7DA-A639-49B5-ADCF-5A7C343E89CE} = {FEF22C38-B7CB-4269-AA86-7073B74EF8C1}
		{181771E1-4ABE-4FC1-8E45-4C38A75B75C7} = {FEF22C38-B7CB-4269-AA86-7073B74EF8C1}
		{B9A9E81E-DE7C-4C2F-996A-DFB24AD44444} = {FEF22C38-B7CB-4269-AA86-7073B74EF8C1}
		{12A69C8E-3F8A-41D4-BD4C-8B776C46E769} = {FEF22C38-B7CB-4269-AA86-7073B74EF8C1}
		{6E7DA60F-7779-421A-9AF1-08E456396B62} = {FEF22C38-B7CB-4269-AA86-7073B74EF8C1}
		{E7026B9B-377F-48E8-9938-BC6E2660F6C9} = {FEF22C38-B7CB-4269-AA86-7073B74EF8C1}
	EndGlobalSection
EndGlobal
